// !$*UTF8*$!
{
	archiveVersion = 1;
	classes = {
	};
	objectVersion = 77;
	objects = {

/* Begin PBXContainerItemProxy section */
		93A6C6792E48365400111DC4 /* PBXContainerItemProxy */ = {
			isa = PBXContainerItemProxy;
			containerPortal = 93A6C65B2E48365200111DC4 /* Project object */;
			proxyType = 1;
			remoteGlobalIDString = 93A6C6622E48365200111DC4;
			remoteInfo = MyMacroPal;
		};
		93A6C6832E48365400111DC4 /* PBXContainerItemProxy */ = {
			isa = PBXContainerItemProxy;
			containerPortal = 93A6C65B2E48365200111DC4 /* Project object */;
			proxyType = 1;
			remoteGlobalIDString = 93A6C6622E48365200111DC4;
			remoteInfo = MyMacroPal;
		};
/* End PBXContainerItemProxy section */

/* Begin PBXFileReference section */
		93A6C6632E48365200111DC4 /* MyMacroPal.app */ = {isa = PBXFileReference; explicitFileType = wrapper.application; includeInIndex = 0; path = MyMacroPal.app; sourceTree = BUILT_PRODUCTS_DIR; };
		93A6C6782E48365400111DC4 /* MyMacroPalTests.xctest */ = {isa = PBXFileReference; explicitFileType = wrapper.cfbundle; includeInIndex = 0; path = MyMacroPalTests.xctest; sourceTree = BUILT_PRODUCTS_DIR; };
		93A6C6822E48365400111DC4 /* MyMacroPalUITests.xctest */ = {isa = PBXFileReference; explicitFileType = wrapper.cfbundle; includeInIndex = 0; path = MyMacroPalUITests.xctest; sourceTree = BUILT_PRODUCTS_DIR; };
		93C0F0C12E5A000000000002 /* AppConfig.xcconfig */ = {isa = PBXFileReference; lastKnownFileType = text.xcconfig; path = AppConfig.xcconfig; sourceTree = "<group>"; };
/* End PBXFileReference section */

/* Begin PBXFileSystemSynchronizedBuildFileExceptionSet section */
		93BB30922E4876C1000C4923 /* Exceptions for "MyMacroPal" folder in "MyMacroPal" target */ = {
			isa = PBXFileSystemSynchronizedBuildFileExceptionSet;
			membershipExceptions = (
				Info.plist,
			);
			target = 93A6C6622E48365200111DC4 /* MyMacroPal */;
		};
/* End PBXFileSystemSynchronizedBuildFileExceptionSet section */

/* Begin PBXFileSystemSynchronizedRootGroup section */
		93A6C6652E48365200111DC4 /* MyMacroPal */ = {
			isa = PBXFileSystemSynchronizedRootGroup;
			exceptions = (
				93BB30922E4876C1000C4923 /* Exceptions for "MyMacroPal" folder in "MyMacroPal" target */,
			);
			path = MyMacroPal;
			sourceTree = "<group>";
		};
		93A6C67B2E48365400111DC4 /* MyMacroPalTests */ = {
			isa = PBXFileSystemSynchronizedRootGroup;
			path = MyMacroPalTests;
			sourceTree = "<group>";
		};
		93A6C6852E48365400111DC4 /* MyMacroPalUITests */ = {
			isa = PBXFileSystemSynchronizedRootGroup;
			path = MyMacroPalUITests;
			sourceTree = "<group>";
		};
/* End PBXFileSystemSynchronizedRootGroup section */

/* Begin PBXFrameworksBuildPhase section */
		93A6C6602E48365200111DC4 /* Frameworks */ = {
			isa = PBXFrameworksBuildPhase;
			buildActionMask = 2147483647;
			files = (
			);
			runOnlyForDeploymentPostprocessing = 0;
		};
		93A6C6752E48365400111DC4 /* Frameworks */ = {
			isa = PBXFrameworksBuildPhase;
			buildActionMask = 2147483647;
			files = (
			);
			runOnlyForDeploymentPostprocessing = 0;
		};
		93A6C67F2E48365400111DC4 /* Frameworks */ = {
			isa = PBXFrameworksBuildPhase;
			buildActionMask = 2147483647;
			files = (
			);
			runOnlyForDeploymentPostprocessing = 0;
		};
/* End PBXFrameworksBuildPhase section */

/* Begin PBXGroup section */
		93A6C65A2E48365200111DC4 = {
			isa = PBXGroup;
			children = (
				93A6C6652E48365200111DC4 /* MyMacroPal */,
				93A6C67B2E48365400111DC4 /* MyMacroPalTests */,
				93A6C6852E48365400111DC4 /* MyMacroPalUITests */,
				93C0F0C02E5A000000000001 /* Config */,
				93A6C6642E48365200111DC4 /* Products */,
			);
			sourceTree = "<group>";
		};
		93A6C6642E48365200111DC4 /* Products */ = {
			isa = PBXGroup;
			children = (
				93A6C6632E48365200111DC4 /* MyMacroPal.app */,
				93A6C6782E48365400111DC4 /* MyMacroPalTests.xctest */,
				93A6C6822E48365400111DC4 /* MyMacroPalUITests.xctest */,
			);
			name = Products;
			sourceTree = "<group>";
		};
		93C0F0C02E5A000000000001 /* Config */ = {
			isa = PBXGroup;
			children = (
				93C0F0C12E5A000000000002 /* AppConfig.xcconfig */,
			);
			path = Config;
			sourceTree = "<group>";
		};
/* End PBXGroup section */

/* Begin PBXNativeTarget section */
		93A6C6622E48365200111DC4 /* MyMacroPal */ = {
			isa = PBXNativeTarget;
			buildConfigurationList = 93A6C68C2E48365400111DC4 /* Build configuration list for PBXNativeTarget "MyMacroPal" */;
			buildPhases = (
				93A6C65F2E48365200111DC4 /* Sources */,
				93A6C6602E48365200111DC4 /* Frameworks */,
				93A6C6612E48365200111DC4 /* Resources */,
			);
			buildRules = (
			);
			dependencies = (
			);
			fileSystemSynchronizedGroups = (
				93A6C6652E48365200111DC4 /* MyMacroPal */,
			);
			name = MyMacroPal;
			packageProductDependencies = (
			);
			productName = MyMacroPal;
			productReference = 93A6C6632E48365200111DC4 /* MyMacroPal.app */;
			productType = "com.apple.product-type.application";
		};
		93A6C6772E48365400111DC4 /* MyMacroPalTests */ = {
			isa = PBXNativeTarget;
			buildConfigurationList = 93A6C68F2E48365400111DC4 /* Build configuration list for PBXNativeTarget "MyMacroPalTests" */;
			buildPhases = (
				93A6C6742E48365400111DC4 /* Sources */,
				93A6C6752E48365400111DC4 /* Frameworks */,
				93A6C6762E48365400111DC4 /* Resources */,
			);
			buildRules = (
			);
			dependencies = (
				93A6C67A2E48365400111DC4 /* PBXTargetDependency */,
			);
			fileSystemSynchronizedGroups = (
				93A6C67B2E48365400111DC4 /* MyMacroPalTests */,
			);
			name = MyMacroPalTests;
			packageProductDependencies = (
			);
			productName = MyMacroPalTests;
			productReference = 93A6C6782E48365400111DC4 /* MyMacroPalTests.xctest */;
			productType = "com.apple.product-type.bundle.unit-test";
		};
		93A6C6812E48365400111DC4 /* MyMacroPalUITests */ = {
			isa = PBXNativeTarget;
			buildConfigurationList = 93A6C6922E48365400111DC4 /* Build configuration list for PBXNativeTarget "MyMacroPalUITests" */;
			buildPhases = (
				93A6C67E2E48365400111DC4 /* Sources */,
				93A6C67F2E48365400111DC4 /* Frameworks */,
				93A6C6802E48365400111DC4 /* Resources */,
			);
			buildRules = (
			);
			dependencies = (
				93A6C6842E48365400111DC4 /* PBXTargetDependency */,
			);
			fileSystemSynchronizedGroups = (
				93A6C6852E48365400111DC4 /* MyMacroPalUITests */,
			);
			name = MyMacroPalUITests;
			packageProductDependencies = (
			);
			productName = MyMacroPalUITests;
			productReference = 93A6C6822E48365400111DC4 /* MyMacroPalUITests.xctest */;
			productType = "com.apple.product-type.bundle.ui-testing";
		};
/* End PBXNativeTarget section */

/* Begin PBXProject section */
		93A6C65B2E48365200111DC4 /* Project object */ = {
			isa = PBXProject;
			attributes = {
				BuildIndependentTargetsInParallel = 1;
				LastSwiftUpdateCheck = 1620;
				LastUpgradeCheck = 1620;
				TargetAttributes = {
					93A6C6622E48365200111DC4 = {
						CreatedOnToolsVersion = 16.2;
					};
					93A6C6772E48365400111DC4 = {
						CreatedOnToolsVersion = 16.2;
						TestTargetID = 93A6C6622E48365200111DC4;
					};
					93A6C6812E48365400111DC4 = {
						CreatedOnToolsVersion = 16.2;
						TestTargetID = 93A6C6622E48365200111DC4;
					};
				};
			};
			buildConfigurationList = 93A6C65E2E48365200111DC4 /* Build configuration list for PBXProject "MyMacroPal" */;
			developmentRegion = en;
			hasScannedForEncodings = 0;
			knownRegions = (
				en,
				Base,
			);
			mainGroup = 93A6C65A2E48365200111DC4;
			minimizedProjectReferenceProxies = 1;
			preferredProjectObjectVersion = 77;
			productRefGroup = 93A6C6642E48365200111DC4 /* Products */;
			projectDirPath = "";
			projectRoot = "";
			targets = (
				93A6C6622E48365200111DC4 /* MyMacroPal */,
				93A6C6772E48365400111DC4 /* MyMacroPalTests */,
				93A6C6812E48365400111DC4 /* MyMacroPalUITests */,
			);
		};
/* End PBXProject section */

/* Begin PBXResourcesBuildPhase section */
		93A6C6612E48365200111DC4 /* Resources */ = {
			isa = PBXResourcesBuildPhase;
			buildActionMask = 2147483647;
			files = (
			);
			runOnlyForDeploymentPostprocessing = 0;
		};
		93A6C6762E48365400111DC4 /* Resources */ = {
			isa = PBXResourcesBuildPhase;
			buildActionMask = 2147483647;
			files = (
			);
			runOnlyForDeploymentPostprocessing = 0;
		};
		93A6C6802E48365400111DC4 /* Resources */ = {
			isa = PBXResourcesBuildPhase;
			buildActionMask = 2147483647;
			files = (
			);
			runOnlyForDeploymentPostprocessing = 0;
		};
/* End PBXResourcesBuildPhase section */

/* Begin PBXSourcesBuildPhase section */
		93A6C65F2E48365200111DC4 /* Sources */ = {
			isa = PBXSourcesBuildPhase;
			buildActionMask = 2147483647;
			files = (
			);
			runOnlyForDeploymentPostprocessing = 0;
		};
		93A6C6742E48365400111DC4 /* Sources */ = {
			isa = PBXSourcesBuildPhase;
			buildActionMask = 2147483647;
			files = (
			);
			runOnlyForDeploymentPostprocessing = 0;
		};
		93A6C67E2E48365400111DC4 /* Sources */ = {
			isa = PBXSourcesBuildPhase;
			buildActionMask = 2147483647;
			files = (
			);
			runOnlyForDeploymentPostprocessing = 0;
		};
/* End PBXSourcesBuildPhase section */

/* Begin PBXTargetDependency section */
		93A6C67A2E48365400111DC4 /* PBXTargetDependency */ = {
			isa = PBXTargetDependency;
			target = 93A6C6622E48365200111DC4 /* MyMacroPal */;
			targetProxy = 93A6C6792E48365400111DC4 /* PBXContainerItemProxy */;
		};
		93A6C6842E48365400111DC4 /* PBXTargetDependency */ = {
			isa = PBXTargetDependency;
			target = 93A6C6622E48365200111DC4 /* MyMacroPal */;
			targetProxy = 93A6C6832E48365400111DC4 /* PBXContainerItemProxy */;
		};
/* End PBXTargetDependency section */

/* Begin XCBuildConfiguration section */
		93A6C68A2E48365400111DC4 /* Debug */ = {
			isa = XCBuildConfiguration;
			buildSettings = {
				ALWAYS_SEARCH_USER_PATHS = NO;
				ASSETCATALOG_COMPILER_GENERATE_SWIFT_ASSET_SYMBOL_EXTENSIONS = YES;
				CLANG_ANALYZER_NONNULL = YES;
				CLANG_ANALYZER_NUMBER_OBJECT_CONVERSION = YES_AGGRESSIVE;
				CLANG_CXX_LANGUAGE_STANDARD = "gnu++20";
				CLANG_ENABLE_MODULES = YES;
				CLANG_ENABLE_OBJC_ARC = YES;
				CLANG_ENABLE_OBJC_WEAK = YES;
				CLANG_WARN_BLOCK_CAPTURE_AUTORELEASING = YES;
				CLANG_WARN_BOOL_CONVERSION = YES;
				CLANG_WARN_COMMA = YES;
				CLANG_WARN_CONSTANT_CONVERSION = YES;
				CLANG_WARN_DEPRECATED_OBJC_IMPLEMENTATIONS = YES;
				CLANG_WARN_DIRECT_OBJC_ISA_USAGE = YES_ERROR;
				CLANG_WARN_DOCUMENTATION_COMMENTS = YES;
				CLANG_WARN_EMPTY_BODY = YES;
				CLANG_WARN_ENUM_CONVERSION = YES;
				CLANG_WARN_INFINITE_RECURSION = YES;
				CLANG_WARN_INT_CONVERSION = YES;
				CLANG_WARN_NON_LITERAL_NULL_CONVERSION = YES;
				CLANG_WARN_OBJC_IMPLICIT_RETAIN_SELF = YES;
				CLANG_WARN_OBJC_LITERAL_CONVERSION = YES;
				CLANG_WARN_OBJC_ROOT_CLASS = YES_ERROR;
				CLANG_WARN_QUOTED_INCLUDE_IN_FRAMEWORK_HEADER = YES;
				CLANG_WARN_RANGE_LOOP_ANALYSIS = YES;
				CLANG_WARN_STRICT_PROTOTYPES = YES;
				CLANG_WARN_SUSPICIOUS_MOVE = YES;
				CLANG_WARN_UNGUARDED_AVAILABILITY = YES_AGGRESSIVE;
				CLANG_WARN_UNREACHABLE_CODE = YES;
				CLANG_WARN__DUPLICATE_METHOD_MATCH = YES;
				COPY_PHASE_STRIP = NO;
				DEBUG_INFORMATION_FORMAT = dwarf;
				ENABLE_STRICT_OBJC_MSGSEND = YES;
				ENABLE_TESTABILITY = YES;
				ENABLE_USER_SCRIPT_SANDBOXING = YES;
				GCC_C_LANGUAGE_STANDARD = gnu17;
				GCC_DYNAMIC_NO_PIC = NO;
				GCC_NO_COMMON_BLOCKS = YES;
				GCC_OPTIMIZATION_LEVEL = 0;
				GCC_PREPROCESSOR_DEFINITIONS = (
					"DEBUG=1",
					"$(inherited)",
				);
				GCC_WARN_64_TO_32_BIT_CONVERSION = YES;
				GCC_WARN_ABOUT_RETURN_TYPE = YES_ERROR;
				GCC_WARN_UNDECLARED_SELECTOR = YES;
				GCC_WARN_UNINITIALIZED_AUTOS = YES_AGGRESSIVE;
				GCC_WARN_UNUSED_FUNCTION = YES;
				GCC_WARN_UNUSED_VARIABLE = YES;
				IPHONEOS_DEPLOYMENT_TARGET = 18.2;
				LOCALIZATION_PREFERS_STRING_CATALOGS = YES;
				MTL_ENABLE_DEBUG_INFO = INCLUDE_SOURCE;
				MTL_FAST_MATH = YES;
				ONLY_ACTIVE_ARCH = YES;
				SDKROOT = iphoneos;
				SWIFT_ACTIVE_COMPILATION_CONDITIONS = "DEBUG $(inherited)";
				SWIFT_OPTIMIZATION_LEVEL = "-Onone";
			};
			name = Debug;
		};
		93A6C68B2E48365400111DC4 /* Release */ = {
			isa = XCBuildConfiguration;
			buildSettings = {
				ALWAYS_SEARCH_USER_PATHS = NO;
				ASSETCATALOG_COMPILER_GENERATE_SWIFT_ASSET_SYMBOL_EXTENSIONS = YES;
				CLANG_ANALYZER_NONNULL = YES;
				CLANG_ANALYZER_NUMBER_OBJECT_CONVERSION = YES_AGGRESSIVE;
				CLANG_CXX_LANGUAGE_STANDARD = "gnu++20";
				CLANG_ENABLE_MODULES = YES;
				CLANG_ENABLE_OBJC_ARC = YES;
				CLANG_ENABLE_OBJC_WEAK = YES;
				CLANG_WARN_BLOCK_CAPTURE_AUTORELEASING = YES;
				CLANG_WARN_BOOL_CONVERSION = YES;
				CLANG_WARN_COMMA = YES;
				CLANG_WARN_CONSTANT_CONVERSION = YES;
				CLANG_WARN_DEPRECATED_OBJC_IMPLEMENTATIONS = YES;
				CLANG_WARN_DIRECT_OBJC_ISA_USAGE = YES_ERROR;
				CLANG_WARN_DOCUMENTATION_COMMENTS = YES;
				CLANG_WARN_EMPTY_BODY = YES;
				CLANG_WARN_ENUM_CONVERSION = YES;
				CLANG_WARN_INFINITE_RECURSION = YES;
				CLANG_WARN_INT_CONVERSION = YES;
				CLANG_WARN_NON_LITERAL_NULL_CONVERSION = YES;
				CLANG_WARN_OBJC_IMPLICIT_RETAIN_SELF = YES;
				CLANG_WARN_OBJC_LITERAL_CONVERSION = YES;
				CLANG_WARN_OBJC_ROOT_CLASS = YES_ERROR;
				CLANG_WARN_QUOTED_INCLUDE_IN_FRAMEWORK_HEADER = YES;
				CLANG_WARN_RANGE_LOOP_ANALYSIS = YES;
				CLANG_WARN_STRICT_PROTOTYPES = YES;
				CLANG_WARN_SUSPICIOUS_MOVE = YES;
				CLANG_WARN_UNGUARDED_AVAILABILITY = YES_AGGRESSIVE;
				CLANG_WARN_UNREACHABLE_CODE = YES;
				CLANG_WARN__DUPLICATE_METHOD_MATCH = YES;
				COPY_PHASE_STRIP = NO;
				DEBUG_INFORMATION_FORMAT = "dwarf-with-dsym";
				ENABLE_NS_ASSERTIONS = NO;
				ENABLE_STRICT_OBJC_MSGSEND = YES;
				ENABLE_USER_SCRIPT_SANDBOXING = YES;
				GCC_C_LANGUAGE_STANDARD = gnu17;
				GCC_NO_COMMON_BLOCKS = YES;
				GCC_WARN_64_TO_32_BIT_CONVERSION = YES;
				GCC_WARN_ABOUT_RETURN_TYPE = YES_ERROR;
				GCC_WARN_UNDECLARED_SELECTOR = YES;
				GCC_WARN_UNINITIALIZED_AUTOS = YES_AGGRESSIVE;
				GCC_WARN_UNUSED_FUNCTION = YES;
				GCC_WARN_UNUSED_VARIABLE = YES;
				IPHONEOS_DEPLOYMENT_TARGET = 18.2;
				LOCALIZATION_PREFERS_STRING_CATALOGS = YES;
				MTL_ENABLE_DEBUG_INFO = NO;
				MTL_FAST_MATH = YES;
				SDKROOT = iphoneos;
				SWIFT_COMPILATION_MODE = wholemodule;
				VALIDATE_PRODUCT = YES;
			};
			name = Release;
		};
		93A6C68D2E48365400111DC4 /* Debug */ = {
			isa = XCBuildConfiguration;
			baseConfigurationReference = 93C0F0C12E5A000000000002 /* AppConfig.xcconfig */;
			buildSettings = {
				ASSETCATALOG_COMPILER_APPICON_NAME = AppIcon;
				ASSETCATALOG_COMPILER_GLOBAL_ACCENT_COLOR_NAME = AccentColor;
				CODE_SIGN_STYLE = Automatic;
				CURRENT_PROJECT_VERSION = 1;
				DEVELOPMENT_ASSET_PATHS = "\"MyMacroPal/Preview Content\"";
				ENABLE_PREVIEWS = YES;
				GENERATE_INFOPLIST_FILE = YES;
				INFOPLIST_FILE = MyMacroPal/Info.plist;
				INFOPLIST_KEY_UIApplicationSceneManifest_Generation = YES;
				INFOPLIST_KEY_UIApplicationSupportsIndirectInputEvents = YES;
				INFOPLIST_KEY_UILaunchScreen_Generation = YES;
				INFOPLIST_KEY_UISupportedInterfaceOrientations_iPad = "UIInterfaceOrientationPortrait UIInterfaceOrientationPortraitUpsideDown UIInterfaceOrientationLandscapeLeft UIInterfaceOrientationLandscapeRight";
				INFOPLIST_KEY_UISupportedInterfaceOrientations_iPhone = "UIInterfaceOrientationPortrait UIInterfaceOrientationLandscapeLeft UIInterfaceOrientationLandscapeRight";
				LD_RUNPATH_SEARCH_PATHS = (
					"$(inherited)",
					"@executable_path/Frameworks",
				);
				MARKETING_VERSION = 1.0;
				PRODUCT_BUNDLE_IDENTIFIER = AVIDWareAthletics.MyMacroPal;
				PRODUCT_NAME = "$(TARGET_NAME)";
				SWIFT_EMIT_LOC_STRINGS = YES;
				SWIFT_VERSION = 5.0;
				TARGETED_DEVICE_FAMILY = "1,2";
			};
			name = Debug;
		};
		93A6C68E2E48365400111DC4 /* Release */ = {
			isa = XCBuildConfiguration;
			baseConfigurationReference = 93C0F0C12E5A000000000002 /* AppConfig.xcconfig */;
			buildSettings = {
				ASSETCATALOG_COMPILER_APPICON_NAME = AppIcon;
				ASSETCATALOG_COMPILER_GLOBAL_ACCENT_COLOR_NAME = AccentColor;
				CODE_SIGN_STYLE = Automatic;
				CURRENT_PROJECT_VERSION = 1;
				DEVELOPMENT_ASSET_PATHS = "\"MyMacroPal/Preview Content\"";
				ENABLE_PREVIEWS = YES;
				GENERATE_INFOPLIST_FILE = YES;
				INFOPLIST_FILE = MyMacroPal/Info.plist;
				INFOPLIST_KEY_UIApplicationSceneManifest_Generation = YES;
				INFOPLIST_KEY_UIApplicationSupportsIndirectInputEvents = YES;
				INFOPLIST_KEY_UILaunchScreen_Generation = YES;
				INFOPLIST_KEY_UISupportedInterfaceOrientations_iPad = "UIInterfaceOrientationPortrait UIInterfaceOrientationPortraitUpsideDown UIInterfaceOrientationLandscapeLeft UIInterfaceOrientationLandscapeRight";
				INFOPLIST_KEY_UISupportedInterfaceOrientations_iPhone = "UIInterfaceOrientationPortrait UIInterfaceOrientationLandscapeLeft UIInterfaceOrientationLandscapeRight";
				LD_RUNPATH_SEARCH_PATHS = (
					"$(inherited)",
					"@executable_path/Frameworks",
				);
				MARKETING_VERSION = 1.0;
				PRODUCT_BUNDLE_IDENTIFIER = AVIDWareAthletics.MyMacroPal;
				PRODUCT_NAME = "$(TARGET_NAME)";
				SWIFT_EMIT_LOC_STRINGS = YES;
				SWIFT_VERSION = 5.0;
				TARGETED_DEVICE_FAMILY = "1,2";
			};
			name = Release;
		};
		93A6C6902E48365400111DC4 /* Debug */ = {
			isa = XCBuildConfiguration;
			buildSettings = {
				BUNDLE_LOADER = "$(TEST_HOST)";
				CODE_SIGN_STYLE = Automatic;
				CURRENT_PROJECT_VERSION = 1;
				GENERATE_INFOPLIST_FILE = YES;
				IPHONEOS_DEPLOYMENT_TARGET = 18.2;
				MARKETING_VERSION = 1.0;
				PRODUCT_BUNDLE_IDENTIFIER = AVIDWareAthletics.MyMacroPalTests;
				PRODUCT_NAME = "$(TARGET_NAME)";
				SWIFT_EMIT_LOC_STRINGS = NO;
				SWIFT_VERSION = 5.0;
				TARGETED_DEVICE_FAMILY = "1,2";
				TEST_HOST = "$(BUILT_PRODUCTS_DIR)/MyMacroPal.app/$(BUNDLE_EXECUTABLE_FOLDER_PATH)/MyMacroPal";
			};
			name = Debug;
		};
		93A6C6912E48365400111DC4 /* Release */ = {
			isa = XCBuildConfiguration;
			buildSettings = {
				BUNDLE_LOADER = "$(TEST_HOST)";
				CODE_SIGN_STYLE = Automatic;
				CURRENT_PROJECT_VERSION = 1;
				GENERATE_INFOPLIST_FILE = YES;
				IPHONEOS_DEPLOYMENT_TARGET = 18.2;
				MARKETING_VERSION = 1.0;
				PRODUCT_BUNDLE_IDENTIFIER = AVIDWareAthletics.MyMacroPalTests;
				PRODUCT_NAME = "$(TARGET_NAME)";
				SWIFT_EMIT_LOC_STRINGS = NO;
				SWIFT_VERSION = 5.0;
				TARGETED_DEVICE_FAMILY = "1,2";
				TEST_HOST = "$(BUILT_PRODUCTS_DIR)/MyMacroPal.app/$(BUNDLE_EXECUTABLE_FOLDER_PATH)/MyMacroPal";
			};
			name = Release;
		};
		93A6C6932E48365400111DC4 /* Debug */ = {
			isa = XCBuildConfiguration;
			buildSettings = {
				CODE_SIGN_STYLE = Automatic;
				CURRENT_PROJECT_VERSION = 1;
				GENERATE_INFOPLIST_FILE = YES;
				MARKETING_VERSION = 1.0;
				PRODUCT_BUNDLE_IDENTIFIER = AVIDWareAthletics.MyMacroPalUITests;
				PRODUCT_NAME = "$(TARGET_NAME)";
				SWIFT_EMIT_LOC_STRINGS = NO;
				SWIFT_VERSION = 5.0;
				TARGETED_DEVICE_FAMILY = "1,2";
				TEST_TARGET_NAME = MyMacroPal;
			};
			name = Debug;
		};
		93A6C6942E48365400111DC4 /* Release */ = {
			isa = XCBuildConfiguration;
			buildSettings = {
				CODE_SIGN_STYLE = Automatic;
				CURRENT_PROJECT_VERSION = 1;
				GENERATE_INFOPLIST_FILE = YES;
				MARKETING_VERSION = 1.0;
				PRODUCT_BUNDLE_IDENTIFIER = AVIDWareAthletics.MyMacroPalUITests;
				PRODUCT_NAME = "$(TARGET_NAME)";
				SWIFT_EMIT_LOC_STRINGS = NO;
				SWIFT_VERSION = 5.0;
				TARGETED_DEVICE_FAMILY = "1,2";
				TEST_TARGET_NAME = MyMacroPal;
			};
			name = Release;
		};
/* End XCBuildConfiguration section */

/* Begin XCConfigurationList section */
		93A6C65E2E48365200111DC4 /* Build configuration list for PBXProject "MyMacroPal" */ = {
			isa = XCConfigurationList;
			buildConfigurations = (
				93A6C68A2E48365400111DC4 /* Debug */,
				93A6C68B2E48365400111DC4 /* Release */,
			);
			defaultConfigurationIsVisible = 0;
			defaultConfigurationName = Release;
		};
		93A6C68C2E48365400111DC4 /* Build configuration list for PBXNativeTarget "MyMacroPal" */ = {
			isa = XCConfigurationList;
			buildConfigurations = (
				93A6C68D2E48365400111DC4 /* Debug */,
				93A6C68E2E48365400111DC4 /* Release */,
			);
			defaultConfigurationIsVisible = 0;
			defaultConfigurationName = Release;
		};
		93A6C68F2E48365400111DC4 /* Build configuration list for PBXNativeTarget "MyMacroPalTests" */ = {
			isa = XCConfigurationList;
			buildConfigurations = (
				93A6C6902E48365400111DC4 /* Debug */,
				93A6C6912E48365400111DC4 /* Release */,
			);
			defaultConfigurationIsVisible = 0;
			defaultConfigurationName = Release;
		};
		93A6C6922E48365400111DC4 /* Build configuration list for PBXNativeTarget "MyMacroPalUITests" */ = {
			isa = XCConfigurationList;
			buildConfigurations = (
				93A6C6932E48365400111DC4 /* Debug */,
				93A6C6942E48365400111DC4 /* Release */,
			);
			defaultConfigurationIsVisible = 0;
			defaultConfigurationName = Release;
		};
/* End XCConfigurationList section */
	};
	rootObject = 93A6C65B2E48365200111DC4 /* Project object */;
}
